
Microsoft Visual Studio Solution File, Format Version 12.00
# Visual Studio Version 16
VisualStudioVersion = 16.0.30320.27
MinimumVisualStudioVersion = 10.0.40219.1
Project("{FAE04EC0-301F-11D3-BF4B-00C04F79EFBC}") = "CensusAnalysers", "CensusAnaluzers\CensusAnalysers.csproj", "{F6E2B5BC-314D-496E-9DA9-278B25397DBA}"
EndProject
Project("{FAE04EC0-301F-11D3-BF4B-00C04F79EFBC}") = "CensusAnalyzerTest", "CensusAnalyzerTest\CensusAnalyzerTest.csproj", "{C56E7666-C2D6-46D7-83DE-9E1280069DB1}"
EndProject
Global
	GlobalSection(SolutionConfigurationPlatforms) = preSolution
		Debug|Any CPU = Debug|Any CPU
		Release|Any CPU = Release|Any CPU
	EndGlobalSection
	GlobalSection(ProjectConfigurationPlatforms) = postSolution
		{F6E2B5BC-314D-496E-9DA9-278B25397DBA}.Debug|Any CPU.ActiveCfg = Debug|Any CPU
		{F6E2B5BC-314D-496E-9DA9-278B25397DBA}.Debug|Any CPU.Build.0 = Debug|Any CPU
		{F6E2B5BC-314D-496E-9DA9-278B25397DBA}.Release|Any CPU.ActiveCfg = Release|Any CPU
		{F6E2B5BC-314D-496E-9DA9-278B25397DBA}.Release|Any CPU.Build.0 = Release|Any CPU
		{C56E7666-C2D6-46D7-83DE-9E1280069DB1}.Debug|Any CPU.ActiveCfg = Debug|Any CPU
		{C56E7666-C2D6-46D7-83DE-9E1280069DB1}.Debug|Any CPU.Build.0 = Debug|Any CPU
		{C56E7666-C2D6-46D7-83DE-9E1280069DB1}.Release|Any CPU.ActiveCfg = Release|Any CPU
		{C56E7666-C2D6-46D7-83DE-9E1280069DB1}.Release|Any CPU.Build.0 = Release|Any CPU
	EndGlobalSection
	GlobalSection(SolutionProperties) = preSolution
		HideSolutionNode = FALSE
	EndGlobalSection
	GlobalSection(ExtensibilityGlobals) = postSolution
		SolutionGuid = {3435FC5F-FBC8-4089-80C8-0350EFB25CDB}
	EndGlobalSection
EndGlobal
